# THIS IS AN AUTOGENERATED FILE. DO NOT EDIT THIS FILE DIRECTLY.
# yarn lockfile v1


node-watch@^0.7.1:
  version "0.7.1"
  resolved "https://registry.yarnpkg.com/node-watch/-/node-watch-0.7.1.tgz#0caaa6a6833b0d533487f953c52a6c787769ba7c"
  integrity sha512-UWblPYuZYrkCQCW5PxAwYSxaELNBLUckrTBBk8xr1/bUgyOkYYTsUcV4e3ytcazFEOyiRyiUrsG37pu6I0I05g==

ws@^7.5.0:
  version "7.5.0"
  resolved "https://registry.npmjs.org/ws/-/ws-7.5.0.tgz#0033bafea031fb9df041b2026fc72a571ca44691"
  integrity sha512-6ezXvzOZupqKj4jUqbQ9tXuJNo+BR2gU8fFRk3XCP3e0G6WT414u5ELe6Y0vtp7kmSJ3F7YWObSNr1ESsgi4vw==
